{
  "name": "server",
  "version": "1.0.0",
  "lockfileVersion": 1,
  "requires": true,
  "dependencies": {
    "@types/body-parser": {
      "version": "1.17.0",
      "resolved": "https://registry.npmjs.org/@types/body-parser/-/body-parser-1.17.0.tgz",
      "integrity": "sha512-a2+YeUjPkztKJu5aIF2yArYFQQp8d51wZ7DavSHjFuY1mqVgidGyzEQ41JIVNy82fXj8yPgy2vJmfIywgESW6w==",
      "requires": {
        "@types/connect": "*",
        "@types/node": "*"
      }
    },
    "@types/connect": {
      "version": "3.4.32",
      "resolved": "https://registry.npmjs.org/@types/connect/-/connect-3.4.32.tgz",
      "integrity": "sha512-4r8qa0quOvh7lGD0pre62CAb1oni1OO6ecJLGCezTmhQ8Fz50Arx9RUszryR8KlgK6avuSXvviL6yWyViQABOg==",
      "requires": {
        "@types/node": "*"
      }
    },
    "@types/cors": {
      "version": "2.8.4",
      "resolved": "https://registry.npmjs.org/@types/cors/-/cors-2.8.4.tgz",
      "integrity": "sha512-ipZjBVsm2tF/n8qFGOuGBkUij9X9ZswVi9G3bx/6dz7POpVa6gVHcj1wsX/LVEn9MMF41fxK/PnZPPoTD1UFPw==",
      "requires": {
        "@types/express": "*"
      }
    },
    "@types/events": {
      "version": "3.0.0",
      "resolved": "https://registry.npmjs.org/@types/events/-/events-3.0.0.tgz",
      "integrity": "sha512-EaObqwIvayI5a8dCzhFrjKzVwKLxjoG9T6Ppd5CEo07LRKfQ8Yokw54r5+Wq7FaBQ+yXRvQAYPrHwya1/UFt9g=="
    },
    "@types/express": {
      "version": "4.16.1",
      "resolved": "https://registry.npmjs.org/@types/express/-/express-4.16.1.tgz",
      "integrity": "sha512-V0clmJow23WeyblmACoxbHBu2JKlE5TiIme6Lem14FnPW9gsttyHtk6wq7njcdIWH1njAaFgR8gW09lgY98gQg==",
      "requires": {
        "@types/body-parser": "*",
        "@types/express-serve-static-core": "*",
        "@types/serve-static": "*"
      }
    },
    "@types/express-serve-static-core": {
      "version": "4.16.1",
      "resolved": "https://registry.npmjs.org/@types/express-serve-static-core/-/express-serve-static-core-4.16.1.tgz",
      "integrity": "sha512-QgbIMRU1EVRry5cIu1ORCQP4flSYqLM1lS5LYyGWfKnFT3E58f0gKto7BR13clBFVrVZ0G0rbLZ1hUpSkgQQOA==",
      "requires": {
        "@types/node": "*",
        "@types/range-parser": "*"
      }
    },
    "@types/glob": {
      "version": "7.1.1",
      "resolved": "https://registry.npmjs.org/@types/glob/-/glob-7.1.1.tgz",
      "integrity": "sha512-1Bh06cbWJUHMC97acuD6UMG29nMt0Aqz1vF3guLfG+kHHJhy3AyohZFFxYk2f7Q1SQIrNwvncxAE0N/9s70F2w==",
      "requires": {
        "@types/events": "*",
        "@types/minimatch": "*",
        "@types/node": "*"
      }
    },
    "@types/graphql": {
      "version": "14.0.7",
      "resolved": "https://registry.npmjs.org/@types/graphql/-/graphql-14.0.7.tgz",
      "integrity": "sha512-BoLDjdvLQsXPZLJux3lEZANwGr3Xag56Ngy0U3y8uoRSDdeLcn43H3oBcgZlnd++iOQElBpaRVDHPzEDekyvXQ=="
    },
    "@types/graphql-deduplicator": {
      "version": "2.0.0",
      "resolved": "https://registry.npmjs.org/@types/graphql-deduplicator/-/graphql-deduplicator-2.0.0.tgz",
      "integrity": "sha512-swUwj5hWF1yFzbUXStLJrUa0ksAt11B8+SwhsAjQAX0LYJ1LLioAyuDcJ9bovWbsNzIXJYXLvljSPQw8nR728w=="
    },
    "@types/mime": {
      "version": "2.0.1",
      "resolved": "https://registry.npmjs.org/@types/mime/-/mime-2.0.1.tgz",
      "integrity": "sha512-FwI9gX75FgVBJ7ywgnq/P7tw+/o1GUbtP0KzbtusLigAOgIgNISRK0ZPl4qertvXSIE8YbsVJueQ90cDt9YYyw=="
    },
    "@types/minimatch": {
      "version": "3.0.3",
      "resolved": "https://registry.npmjs.org/@types/minimatch/-/minimatch-3.0.3.tgz",
      "integrity": "sha512-tHq6qdbT9U1IRSGf14CL0pUlULksvY9OZ+5eEgl1N7t+OA3tGvNpxJCzuKQlsNgCVwbAs670L1vcVQi8j9HjnA=="
    },
    "@types/node": {
      "version": "11.9.4",
      "resolved": "https://registry.npmjs.org/@types/node/-/node-11.9.4.tgz",
      "integrity": "sha512-Zl8dGvAcEmadgs1tmSPcvwzO1YRsz38bVJQvH1RvRqSR9/5n61Q1ktcDL0ht3FXWR+ZpVmXVwN1LuH4Ax23NsA=="
    },
    "@types/range-parser": {
      "version": "1.2.3",
      "resolved": "https://registry.npmjs.org/@types/range-parser/-/range-parser-1.2.3.tgz",
      "integrity": "sha512-ewFXqrQHlFsgc09MK5jP5iR7vumV/BYayNC6PgJO2LPe8vrnNFyjQjSppfEngITi0qvfKtzFvgKymGheFM9UOA=="
    },
    "@types/serve-static": {
      "version": "1.13.2",
      "resolved": "https://registry.npmjs.org/@types/serve-static/-/serve-static-1.13.2.tgz",
      "integrity": "sha512-/BZ4QRLpH/bNYgZgwhKEh+5AsboDBcUdlBYgzoLX0fpj3Y2gp6EApyOlM3bK53wQS/OE1SrdSYBAbux2D1528Q==",
      "requires": {
        "@types/express-serve-static-core": "*",
        "@types/mime": "*"
      }
    },
    "@types/zen-observable": {
      "version": "0.5.4",
      "resolved": "https://registry.npmjs.org/@types/zen-observable/-/zen-observable-0.5.4.tgz",
      "integrity": "sha512-sW6xN96wUak4tgc89d0tbTg7QDGYhGv5hvQIS6h4mRCd8h2btiZ80loPU8cyLwsBbA4ZeQt0FjvUhJ4rNhdsGg=="
    },
    "accepts": {
      "version": "1.3.5",
      "resolved": "https://registry.npmjs.org/accepts/-/accepts-1.3.5.tgz",
      "integrity": "sha1-63d99gEXI6OxTopywIBcjoZ0a9I=",
      "requires": {
        "mime-types": "~2.1.18",
        "negotiator": "0.6.1"
      }
    },
    "apollo-cache-control": {
      "version": "0.1.1",
      "resolved": "https://registry.npmjs.org/apollo-cache-control/-/apollo-cache-control-0.1.1.tgz",
      "integrity": "sha512-XJQs167e9u+e5ybSi51nGYr70NPBbswdvTEHtbtXbwkZ+n9t0SLPvUcoqceayOSwjK1XYOdU/EKPawNdb3rLQA==",
      "requires": {
        "graphql-extensions": "^0.0.x"
      }
    },
    "apollo-link": {
      "version": "1.2.8",
      "resolved": "https://registry.npmjs.org/apollo-link/-/apollo-link-1.2.8.tgz",
      "integrity": "sha512-lfzGRxhK9RmiH3HPFi7TIEBhhDY9M5a2ZDnllcfy5QDk7cCQHQ1WQArcw1FK0g1B+mV4Kl72DSrlvZHZJEolrA==",
      "requires": {
        "zen-observable-ts": "^0.8.15"
      }
    },
    "apollo-server-core": {
      "version": "1.4.0",
      "resolved": "https://registry.npmjs.org/apollo-server-core/-/apollo-server-core-1.4.0.tgz",
      "integrity": "sha512-BP1Vh39krgEjkQxbjTdBURUjLHbFq1zeOChDJgaRsMxGtlhzuLWwwC6lLdPatN8jEPbeHq8Tndp9QZ3iQZOKKA==",
      "requires": {
        "apollo-cache-control": "^0.1.0",
        "apollo-tracing": "^0.1.0",
        "graphql-extensions": "^0.0.x"
      }
    },
    "apollo-server-express": {
      "version": "1.4.0",
      "resolved": "https://registry.npmjs.org/apollo-server-express/-/apollo-server-express-1.4.0.tgz",
      "integrity": "sha512-zkH00nxhLnJfO0HgnNPBTfZw8qI5ILaPZ5TecMCI9+Y9Ssr2b0bFr9pBRsXy9eudPhI+/O4yqegSUsnLdF/CPw==",
      "requires": {
        "apollo-server-core": "^1.4.0",
        "apollo-server-module-graphiql": "^1.4.0"
      }
    },
    "apollo-server-lambda": {
      "version": "1.3.6",
      "resolved": "https://registry.npmjs.org/apollo-server-lambda/-/apollo-server-lambda-1.3.6.tgz",
      "integrity": "sha1-varDfxQ8Z5jkC4rnVYC6ZzzqJg4=",
      "requires": {
        "apollo-server-core": "^1.3.6",
        "apollo-server-module-graphiql": "^1.3.4"
      }
    },
    "apollo-server-module-graphiql": {
      "version": "1.4.0",
      "resolved": "https://registry.npmjs.org/apollo-server-module-graphiql/-/apollo-server-module-graphiql-1.4.0.tgz",
      "integrity": "sha512-GmkOcb5he2x5gat+TuiTvabnBf1m4jzdecal3XbXBh/Jg+kx4hcvO3TTDFQ9CuTprtzdcVyA11iqG7iOMOt7vA=="
    },
    "apollo-tracing": {
      "version": "0.1.4",
      "resolved": "https://registry.npmjs.org/apollo-tracing/-/apollo-tracing-0.1.4.tgz",
      "integrity": "sha512-Uv+1nh5AsNmC3m130i2u3IqbS+nrxyVV3KYimH5QKsdPjxxIQB3JAT+jJmpeDxBel8gDVstNmCh82QSLxLSIdQ==",
      "requires": {
        "graphql-extensions": "~0.0.9"
      }
    },
    "apollo-upload-server": {
      "version": "7.1.0",
      "resolved": "https://registry.npmjs.org/apollo-upload-server/-/apollo-upload-server-7.1.0.tgz",
      "integrity": "sha512-cD9ReCeyurYwZyEDqJYb5TOc9dt8yhPzS+MtrY3iJdqw+pqiiyPngAvVXHjN+Ca7Lajvom4/AT/PBrYVDMM3Kw==",
      "requires": {
        "busboy": "^0.2.14",
        "fs-capacitor": "^1.0.0",
        "http-errors": "^1.7.0",
        "object-path": "^0.11.4"
      }
    },
    "apollo-utilities": {
      "version": "1.1.3",
      "resolved": "https://registry.npmjs.org/apollo-utilities/-/apollo-utilities-1.1.3.tgz",
      "integrity": "sha512-pF9abhiClX5gfj/WFWZh8DiI33nOLGxRhXH9ZMquaM1V8bhq1WLFPt2QjShWH3kGQVeIGUK+FQefnhe+ZaaAYg==",
      "requires": {
        "fast-json-stable-stringify": "^2.0.0",
        "tslib": "^1.9.3"
      }
    },
    "arg": {
      "version": "4.1.0",
      "resolved": "https://registry.npmjs.org/arg/-/arg-4.1.0.tgz",
      "integrity": "sha512-ZWc51jO3qegGkVh8Hwpv636EkbesNV5ZNQPCtRa+0qytRYPEs9IYT9qITY9buezqUH5uqyzlWLcufrzU2rffdg==",
      "dev": true
    },
    "array-flatten": {
      "version": "1.1.1",
      "resolved": "https://registry.npmjs.org/array-flatten/-/array-flatten-1.1.1.tgz",
      "integrity": "sha1-ml9pkFGx5wczKPKgCJaLZOopVdI="
    },
    "async-limiter": {
      "version": "1.0.0",
      "resolved": "https://registry.npmjs.org/async-limiter/-/async-limiter-1.0.0.tgz",
      "integrity": "sha512-jp/uFnooOiO+L211eZOoSyzpOITMXx1rBITauYykG3BRYPu8h0UcxsPNB04RR5vo4Tyz3+ay17tR6JVf9qzYWg=="
    },
    "aws-lambda": {
      "version": "0.1.2",
      "resolved": "https://registry.npmjs.org/aws-lambda/-/aws-lambda-0.1.2.tgz",
      "integrity": "sha1-GbFYUHXfMWeVl7l2pfHe9h8SzO4=",
      "requires": {
        "aws-sdk": "^*",
        "commander": "^2.5.0",
        "dotenv": "^0.4.0"
      }
    },
    "aws-sdk": {
      "version": "2.404.0",
      "resolved": "https://registry.npmjs.org/aws-sdk/-/aws-sdk-2.404.0.tgz",
      "integrity": "sha512-eQ+hv2hOpcyHUoUUIXcb7TVItzFfgTC0HIribcaDlbF4Kc1p9PSg+2jnK7ibjT6iMcoERx9Hr/vt6Cfc3Sgh5w==",
      "requires": {
        "buffer": "4.9.1",
        "events": "1.1.1",
        "ieee754": "1.1.8",
        "jmespath": "0.15.0",
        "querystring": "0.2.0",
        "sax": "1.2.1",
        "url": "0.10.3",
        "uuid": "3.3.2",
        "xml2js": "0.4.19"
      }
    },
    "backo2": {
      "version": "1.0.2",
      "resolved": "https://registry.npmjs.org/backo2/-/backo2-1.0.2.tgz",
      "integrity": "sha1-MasayLEpNjRj41s+u2n038+6eUc="
    },
    "balanced-match": {
      "version": "1.0.0",
      "resolved": "https://registry.npmjs.org/balanced-match/-/balanced-match-1.0.0.tgz",
      "integrity": "sha1-ibTRmasr7kneFk6gK4nORi1xt2c="
    },
    "base64-js": {
      "version": "1.3.0",
      "resolved": "https://registry.npmjs.org/base64-js/-/base64-js-1.3.0.tgz",
      "integrity": "sha512-ccav/yGvoa80BQDljCxsmmQ3Xvx60/UpBIij5QN21W3wBi/hhIC9OoO+KLpu9IJTS9j4DRVJ3aDDF9cMSoa2lw=="
    },
    "body-parser": {
      "version": "1.18.3",
      "resolved": "https://registry.npmjs.org/body-parser/-/body-parser-1.18.3.tgz",
      "integrity": "sha1-WykhmP/dVTs6DyDe0FkrlWlVyLQ=",
      "requires": {
        "bytes": "3.0.0",
        "content-type": "~1.0.4",
        "debug": "2.6.9",
        "depd": "~1.1.2",
        "http-errors": "~1.6.3",
        "iconv-lite": "0.4.23",
        "on-finished": "~2.3.0",
        "qs": "6.5.2",
        "raw-body": "2.3.3",
        "type-is": "~1.6.16"
      },
      "dependencies": {
        "http-errors": {
          "version": "1.6.3",
          "resolved": "https://registry.npmjs.org/http-errors/-/http-errors-1.6.3.tgz",
          "integrity": "sha1-i1VoC7S+KDoLW/TqLjhYC+HZMg0=",
          "requires": {
            "depd": "~1.1.2",
            "inherits": "2.0.3",
            "setprototypeof": "1.1.0",
            "statuses": ">= 1.4.0 < 2"
          }
        }
      }
    },
    "body-parser-graphql": {
      "version": "1.1.0",
      "resolved": "https://registry.npmjs.org/body-parser-graphql/-/body-parser-graphql-1.1.0.tgz",
      "integrity": "sha512-bOBF4n1AnUjcY1SzLeibeIx4XOuYqEkjn/Lm4yKhnN6KedoXMv4hVqgcKHGRnxOMJP64tErqrQU+4cihhpbJXg==",
      "requires": {
        "body-parser": "^1.18.2"
      }
    },
    "brace-expansion": {
      "version": "1.1.11",
      "resolved": "https://registry.npmjs.org/brace-expansion/-/brace-expansion-1.1.11.tgz",
      "integrity": "sha512-iCuPHDFgrHX7H2vEI/5xpz07zSHB00TpugqhmYtVmMO6518mCuRMoOYFldEBl0g187ufozdaHgWKcYFb61qGiA==",
      "requires": {
        "balanced-match": "^1.0.0",
        "concat-map": "0.0.1"
      }
    },
    "buffer": {
      "version": "4.9.1",
      "resolved": "https://registry.npmjs.org/buffer/-/buffer-4.9.1.tgz",
      "integrity": "sha1-bRu2AbB6TvztlwlBMgkwJ8lbwpg=",
      "requires": {
        "base64-js": "^1.0.2",
        "ieee754": "^1.1.4",
        "isarray": "^1.0.0"
      },
      "dependencies": {
        "isarray": {
          "version": "1.0.0",
          "resolved": "https://registry.npmjs.org/isarray/-/isarray-1.0.0.tgz",
          "integrity": "sha1-u5NdSFgsuhaMBoNJV6VKPgcSTxE="
        }
      }
    },
    "buffer-from": {
      "version": "1.1.1",
      "resolved": "https://registry.npmjs.org/buffer-from/-/buffer-from-1.1.1.tgz",
      "integrity": "sha512-MQcXEUbCKtEo7bhqEs6560Hyd4XaovZlO/k9V3hjVUF/zwW7KBVdSK4gIt/bzwS9MbR5qob+F5jusZsb0YQK2A=="
    },
    "busboy": {
      "version": "0.2.14",
      "resolved": "https://registry.npmjs.org/busboy/-/busboy-0.2.14.tgz",
      "integrity": "sha1-bCpiLvz0fFe7vh4qnDetNseSVFM=",
      "requires": {
        "dicer": "0.2.5",
        "readable-stream": "1.1.x"
      }
    },
    "bytes": {
      "version": "3.0.0",
      "resolved": "https://registry.npmjs.org/bytes/-/bytes-3.0.0.tgz",
      "integrity": "sha1-0ygVQE1olpn4Wk6k+odV3ROpYEg="
    },
    "class-validator": {
      "version": "0.9.1",
      "resolved": "https://registry.npmjs.org/class-validator/-/class-validator-0.9.1.tgz",
      "integrity": "sha512-3wApflrd3ywVZyx4jaasGoFt8pmo4aGLPPAEKCKCsTRWVGPilahD88q3jQjRQwja50rl9a7rsP5LAxJYwGK8/Q==",
      "requires": {
        "google-libphonenumber": "^3.1.6",
        "validator": "10.4.0"
      }
    },
    "commander": {
      "version": "2.19.0",
      "resolved": "https://registry.npmjs.org/commander/-/commander-2.19.0.tgz",
      "integrity": "sha512-6tvAOO+D6OENvRAh524Dh9jcfKTYDQAqvqezbCW82xj5X0pSrcpxtvRKHLG0yBY6SD7PSDrJaj+0AiOcKVd1Xg=="
    },
    "concat-map": {
      "version": "0.0.1",
      "resolved": "https://registry.npmjs.org/concat-map/-/concat-map-0.0.1.tgz",
      "integrity": "sha1-2Klr13/Wjfd5OnMDajug1UBdR3s="
    },
    "content-disposition": {
      "version": "0.5.2",
      "resolved": "https://registry.npmjs.org/content-disposition/-/content-disposition-0.5.2.tgz",
      "integrity": "sha1-DPaLud318r55YcOoUXjLhdunjLQ="
    },
    "content-type": {
      "version": "1.0.4",
      "resolved": "https://registry.npmjs.org/content-type/-/content-type-1.0.4.tgz",
      "integrity": "sha512-hIP3EEPs8tB9AT1L+NUqtwOAps4mk2Zob89MWXMHjHWg9milF/j4osnnQLXBCBFBk/tvIG/tUc9mOUJiPBhPXA=="
    },
    "cookie": {
      "version": "0.3.1",
      "resolved": "https://registry.npmjs.org/cookie/-/cookie-0.3.1.tgz",
      "integrity": "sha1-5+Ch+e9DtMi6klxcWpboBtFoc7s="
    },
    "cookie-signature": {
      "version": "1.0.6",
      "resolved": "https://registry.npmjs.org/cookie-signature/-/cookie-signature-1.0.6.tgz",
      "integrity": "sha1-4wOogrNCzD7oylE6eZmXNNqzriw="
    },
    "core-js": {
      "version": "2.6.5",
      "resolved": "https://registry.npmjs.org/core-js/-/core-js-2.6.5.tgz",
      "integrity": "sha512-klh/kDpwX8hryYL14M9w/xei6vrv6sE8gTHDG7/T/+SEovB/G4ejwcfE/CBzO6Edsu+OETZMZ3wcX/EjUkrl5A=="
    },
    "core-util-is": {
      "version": "1.0.2",
      "resolved": "https://registry.npmjs.org/core-util-is/-/core-util-is-1.0.2.tgz",
      "integrity": "sha1-tf1UIgqivFq1eqtxQMlAdUUDwac="
    },
    "cors": {
      "version": "2.8.5",
      "resolved": "https://registry.npmjs.org/cors/-/cors-2.8.5.tgz",
      "integrity": "sha512-KIHbLJqu73RGr/hnbrO9uBeixNGuvSQjul/jdFvS/KFSIH1hWVd1ng7zOHx+YrEfInLG7q4n6GHQ9cDtxv/P6g==",
      "requires": {
        "object-assign": "^4",
        "vary": "^1"
      }
    },
    "debug": {
      "version": "2.6.9",
      "resolved": "https://registry.npmjs.org/debug/-/debug-2.6.9.tgz",
      "integrity": "sha512-bC7ElrdJaJnPbAP+1EotYvqZsb3ecl5wi6Bfi6BJTUcNowp6cvspg0jXznRTKDjm/E7AdgFBVeAPVMNcKGsHMA==",
      "requires": {
        "ms": "2.0.0"
      }
    },
    "depd": {
      "version": "1.1.2",
      "resolved": "https://registry.npmjs.org/depd/-/depd-1.1.2.tgz",
      "integrity": "sha1-m81S4UwJd2PnSbJ0xDRu0uVgtak="
    },
    "deprecated-decorator": {
      "version": "0.1.6",
      "resolved": "https://registry.npmjs.org/deprecated-decorator/-/deprecated-decorator-0.1.6.tgz",
      "integrity": "sha1-AJZjF7ehL+kvPMgx91g68ym4bDc="
    },
    "destroy": {
      "version": "1.0.4",
      "resolved": "https://registry.npmjs.org/destroy/-/destroy-1.0.4.tgz",
      "integrity": "sha1-l4hXRCxEdJ5CBmE+N5RiBYJqvYA="
    },
    "dicer": {
      "version": "0.2.5",
      "resolved": "https://registry.npmjs.org/dicer/-/dicer-0.2.5.tgz",
      "integrity": "sha1-WZbAhrszIYyBLAkL3cCc0S+stw8=",
      "requires": {
        "readable-stream": "1.1.x",
        "streamsearch": "0.1.2"
      }
    },
    "diff": {
      "version": "3.5.0",
      "resolved": "https://registry.npmjs.org/diff/-/diff-3.5.0.tgz",
      "integrity": "sha512-A46qtFgd+g7pDZinpnwiRJtxbC1hpgf0uzP3iG89scHk0AUC7A1TGxf5OiiOUv/JMZR8GOt8hL900hV0bOy5xA==",
      "dev": true
    },
    "dotenv": {
      "version": "0.4.0",
      "resolved": "https://registry.npmjs.org/dotenv/-/dotenv-0.4.0.tgz",
      "integrity": "sha1-9vs1E2PC2SIHJFxzeALJq1rhSVo="
    },
    "ee-first": {
      "version": "1.1.1",
      "resolved": "https://registry.npmjs.org/ee-first/-/ee-first-1.1.1.tgz",
      "integrity": "sha1-WQxhFWsK4vTwJVcyoViyZrxWsh0="
    },
    "encodeurl": {
      "version": "1.0.2",
      "resolved": "https://registry.npmjs.org/encodeurl/-/encodeurl-1.0.2.tgz",
      "integrity": "sha1-rT/0yG7C0CkyL1oCw6mmBslbP1k="
    },
    "escape-html": {
      "version": "1.0.3",
      "resolved": "https://registry.npmjs.org/escape-html/-/escape-html-1.0.3.tgz",
      "integrity": "sha1-Aljq5NPQwJdN4cFpGI7wBR0dGYg="
    },
    "etag": {
      "version": "1.8.1",
      "resolved": "https://registry.npmjs.org/etag/-/etag-1.8.1.tgz",
      "integrity": "sha1-Qa4u62XvpiJorr/qg6x9eSmbCIc="
    },
    "eventemitter3": {
      "version": "3.1.0",
      "resolved": "https://registry.npmjs.org/eventemitter3/-/eventemitter3-3.1.0.tgz",
      "integrity": "sha512-ivIvhpq/Y0uSjcHDcOIccjmYjGLcP09MFGE7ysAwkAvkXfpZlC985pH2/ui64DKazbTW/4kN3yqozUxlXzI6cA=="
    },
    "events": {
      "version": "1.1.1",
      "resolved": "https://registry.npmjs.org/events/-/events-1.1.1.tgz",
      "integrity": "sha1-nr23Y1rQmccNzEwqH1AEKI6L2SQ="
    },
    "express": {
      "version": "4.16.4",
      "resolved": "https://registry.npmjs.org/express/-/express-4.16.4.tgz",
      "integrity": "sha512-j12Uuyb4FMrd/qQAm6uCHAkPtO8FDTRJZBDd5D2KOL2eLaz1yUNdUB/NOIyq0iU4q4cFarsUCrnFDPBcnksuOg==",
      "requires": {
        "accepts": "~1.3.5",
        "array-flatten": "1.1.1",
        "body-parser": "1.18.3",
        "content-disposition": "0.5.2",
        "content-type": "~1.0.4",
        "cookie": "0.3.1",
        "cookie-signature": "1.0.6",
        "debug": "2.6.9",
        "depd": "~1.1.2",
        "encodeurl": "~1.0.2",
        "escape-html": "~1.0.3",
        "etag": "~1.8.1",
        "finalhandler": "1.1.1",
        "fresh": "0.5.2",
        "merge-descriptors": "1.0.1",
        "methods": "~1.1.2",
        "on-finished": "~2.3.0",
        "parseurl": "~1.3.2",
        "path-to-regexp": "0.1.7",
        "proxy-addr": "~2.0.4",
        "qs": "6.5.2",
        "range-parser": "~1.2.0",
        "safe-buffer": "5.1.2",
        "send": "0.16.2",
        "serve-static": "1.13.2",
        "setprototypeof": "1.1.0",
        "statuses": "~1.4.0",
        "type-is": "~1.6.16",
        "utils-merge": "1.0.1",
        "vary": "~1.1.2"
      },
      "dependencies": {
        "statuses": {
          "version": "1.4.0",
          "resolved": "https://registry.npmjs.org/statuses/-/statuses-1.4.0.tgz",
          "integrity": "sha512-zhSCtt8v2NDrRlPQpCNtw/heZLtfUDqxBM1udqikb/Hbk52LK4nQSwr10u77iopCW5LsyHpuXS0GnEc48mLeew=="
        }
      }
    },
    "fast-json-stable-stringify": {
      "version": "2.0.0",
      "resolved": "https://registry.npmjs.org/fast-json-stable-stringify/-/fast-json-stable-stringify-2.0.0.tgz",
      "integrity": "sha1-1RQsDK7msRifh9OnYREGT4bIu/I="
    },
    "finalhandler": {
      "version": "1.1.1",
      "resolved": "https://registry.npmjs.org/finalhandler/-/finalhandler-1.1.1.tgz",
      "integrity": "sha512-Y1GUDo39ez4aHAw7MysnUD5JzYX+WaIj8I57kO3aEPT1fFRL4sr7mjei97FgnwhAyyzRYmQZaTHb2+9uZ1dPtg==",
      "requires": {
        "debug": "2.6.9",
        "encodeurl": "~1.0.2",
        "escape-html": "~1.0.3",
        "on-finished": "~2.3.0",
        "parseurl": "~1.3.2",
        "statuses": "~1.4.0",
        "unpipe": "~1.0.0"
      },
      "dependencies": {
        "statuses": {
          "version": "1.4.0",
          "resolved": "https://registry.npmjs.org/statuses/-/statuses-1.4.0.tgz",
          "integrity": "sha512-zhSCtt8v2NDrRlPQpCNtw/heZLtfUDqxBM1udqikb/Hbk52LK4nQSwr10u77iopCW5LsyHpuXS0GnEc48mLeew=="
        }
      }
    },
    "forwarded": {
      "version": "0.1.2",
      "resolved": "https://registry.npmjs.org/forwarded/-/forwarded-0.1.2.tgz",
      "integrity": "sha1-mMI9qxF1ZXuMBXPozszZGw/xjIQ="
    },
    "fresh": {
      "version": "0.5.2",
      "resolved": "https://registry.npmjs.org/fresh/-/fresh-0.5.2.tgz",
      "integrity": "sha1-PYyt2Q2XZWn6g1qx+OSyOhBWBac="
    },
    "fs-capacitor": {
      "version": "1.0.1",
      "resolved": "https://registry.npmjs.org/fs-capacitor/-/fs-capacitor-1.0.1.tgz",
      "integrity": "sha512-XdZK0Q78WP29Vm3FGgJRhRhrBm51PagovzWtW2kJ3Q6cYJbGtZqWSGTSPwvtEkyjIirFd7b8Yes/dpOYjt4RRQ=="
    },
    "fs.realpath": {
      "version": "1.0.0",
      "resolved": "https://registry.npmjs.org/fs.realpath/-/fs.realpath-1.0.0.tgz",
      "integrity": "sha1-FQStJSMVjKpA20onh8sBQRmU6k8="
    },
    "glob": {
      "version": "7.1.3",
      "resolved": "https://registry.npmjs.org/glob/-/glob-7.1.3.tgz",
      "integrity": "sha512-vcfuiIxogLV4DlGBHIUOwI0IbrJ8HWPc4MU7HzviGeNho/UJDfi6B5p3sHeWIQ0KGIU0Jpxi5ZHxemQfLkkAwQ==",
      "requires": {
        "fs.realpath": "^1.0.0",
        "inflight": "^1.0.4",
        "inherits": "2",
        "minimatch": "^3.0.4",
        "once": "^1.3.0",
        "path-is-absolute": "^1.0.0"
      }
    },
    "google-libphonenumber": {
      "version": "3.2.2",
      "resolved": "https://registry.npmjs.org/google-libphonenumber/-/google-libphonenumber-3.2.2.tgz",
      "integrity": "sha512-ubjGeosYPeusjYbUHy76lCniGTTI0k1rIFc+uKBX+jHQLDmWOSUtlFUxaeoLJ+Y+PAMM6dWp+C1HjHx5BI8kEw=="
    },
    "graphql": {
      "version": "14.1.1",
      "resolved": "https://registry.npmjs.org/graphql/-/graphql-14.1.1.tgz",
      "integrity": "sha512-C5zDzLqvfPAgTtP8AUPIt9keDabrdRAqSWjj2OPRKrKxI9Fb65I36s1uCs1UUBFnSWTdO7hyHi7z1ZbwKMKF6Q==",
      "requires": {
        "iterall": "^1.2.2"
      }
    },
    "graphql-deduplicator": {
      "version": "2.0.2",
      "resolved": "https://registry.npmjs.org/graphql-deduplicator/-/graphql-deduplicator-2.0.2.tgz",
      "integrity": "sha512-0CGmTmQh4UvJfsaTPppJAcHwHln8Ayat7yXXxdnuWT+Mb1dBzkbErabCWzjXyKh/RefqlGTTA7EQOZHofMaKJA=="
    },
    "graphql-extensions": {
      "version": "0.0.10",
      "resolved": "https://registry.npmjs.org/graphql-extensions/-/graphql-extensions-0.0.10.tgz",
      "integrity": "sha512-TnQueqUDCYzOSrpQb3q1ngDSP2otJSF+9yNLrQGPzkMsvnQ+v6e2d5tl+B35D4y+XpmvVnAn4T3ZK28mkILveA==",
      "requires": {
        "core-js": "^2.5.3",
        "source-map-support": "^0.5.1"
      }
    },
    "graphql-import": {
      "version": "0.7.1",
      "resolved": "https://registry.npmjs.org/graphql-import/-/graphql-import-0.7.1.tgz",
      "integrity": "sha512-YpwpaPjRUVlw2SN3OPljpWbVRWAhMAyfSba5U47qGMOSsPLi2gYeJtngGpymjm9nk57RFWEpjqwh4+dpYuFAPw==",
      "requires": {
        "lodash": "^4.17.4",
        "resolve-from": "^4.0.0"
      }
    },
    "graphql-middleware": {
      "version": "3.0.2",
      "resolved": "https://registry.npmjs.org/graphql-middleware/-/graphql-middleware-3.0.2.tgz",
      "integrity": "sha512-sRqu1sF+77z42z1OVM1QDHKQWnWY5K3nAgqWiZwx3U4tqNZprrDuXxSChPMliV343IrVkpYdejUYq9w24Ot3FA==",
      "requires": {
        "graphql-tools": "^4.0.4"
      }
    },
    "graphql-playground-html": {
      "version": "1.6.12",
      "resolved": "https://registry.npmjs.org/graphql-playground-html/-/graphql-playground-html-1.6.12.tgz",
      "integrity": "sha512-yOYFwwSMBL0MwufeL8bkrNDgRE7eF/kTHiwrqn9FiR9KLcNIl1xw9l9a+6yIRZM56JReQOHpbQFXTZn1IuSKRg=="
    },
    "graphql-playground-middleware-express": {
      "version": "1.7.11",
      "resolved": "https://registry.npmjs.org/graphql-playground-middleware-express/-/graphql-playground-middleware-express-1.7.11.tgz",
      "integrity": "sha512-sKItB4s3FxqlwCgXdMfwRAfssSoo31bcFsGAAg/HzaZLicY6CDlofKXP8G5iPDerB6NaoAcAaBLutLzl9sd4fQ==",
      "requires": {
        "graphql-playground-html": "1.6.12"
      }
    },
    "graphql-playground-middleware-lambda": {
      "version": "1.7.12",
      "resolved": "https://registry.npmjs.org/graphql-playground-middleware-lambda/-/graphql-playground-middleware-lambda-1.7.12.tgz",
      "integrity": "sha512-fJ1Y0Ck5ctmfaQFoWv7vNnVP7We19P3miVmOT85YPrjpzbMYv0wPfxm4Zjt8nnqXr0KU9nGW53tz3K7/Lvzxtw==",
      "requires": {
        "graphql-playground-html": "1.6.12"
      }
    },
    "graphql-query-complexity": {
      "version": "0.2.3",
      "resolved": "https://registry.npmjs.org/graphql-query-complexity/-/graphql-query-complexity-0.2.3.tgz",
      "integrity": "sha512-XLvEsqGTJmJmgof8u5NjIkBHL75b4Inw1F8JQ3jGRBhr3hVFx6aWOTL7C2aknp1uIh8dRmqwzrb9gas2NLHnfA==",
      "requires": {
        "lodash.get": "^4.4.2"
      }
    },
    "graphql-subscriptions": {
      "version": "0.5.8",
      "resolved": "https://registry.npmjs.org/graphql-subscriptions/-/graphql-subscriptions-0.5.8.tgz",
      "integrity": "sha512-0CaZnXKBw2pwnIbvmVckby5Ge5e2ecmjofhYCdyeACbCly2j3WXDP/pl+s+Dqd2GQFC7y99NB+53jrt55CKxYQ==",
      "requires": {
        "iterall": "^1.2.1"
      }
    },
    "graphql-tools": {
      "version": "4.0.4",
      "resolved": "https://registry.npmjs.org/graphql-tools/-/graphql-tools-4.0.4.tgz",
      "integrity": "sha512-chF12etTIGVVGy3fCTJ1ivJX2KB7OSG4c6UOJQuqOHCmBQwTyNgCDuejZKvpYxNZiEx7bwIjrodDgDe9RIkjlw==",
      "requires": {
        "apollo-link": "^1.2.3",
        "apollo-utilities": "^1.0.1",
        "deprecated-decorator": "^0.1.6",
        "iterall": "^1.1.3",
        "uuid": "^3.1.0"
      }
    },
    "graphql-yoga": {
      "version": "1.17.4",
      "resolved": "https://registry.npmjs.org/graphql-yoga/-/graphql-yoga-1.17.4.tgz",
      "integrity": "sha512-zOXFtmS43xDLoECKiuA3xVWH/wLDvLH1D/5fBKcaMFdF43ifDfnA9N6dlGggqAoOhqBnrqHwDpoKlJ6sI1LuxA==",
      "requires": {
        "@types/cors": "^2.8.4",
        "@types/express": "^4.11.1",
        "@types/graphql": "^14.0.0",
        "@types/graphql-deduplicator": "^2.0.0",
        "@types/zen-observable": "^0.5.3",
        "apollo-server-express": "^1.3.6",
        "apollo-server-lambda": "1.3.6",
        "apollo-upload-server": "^7.0.0",
        "aws-lambda": "^0.1.2",
        "body-parser-graphql": "1.1.0",
        "cors": "^2.8.4",
        "express": "^4.16.3",
        "graphql": "^0.11.0 || ^0.12.0 || ^0.13.0 || ^14.0.0",
        "graphql-deduplicator": "^2.0.1",
        "graphql-import": "^0.7.0",
        "graphql-middleware": "3.0.2",
        "graphql-playground-middleware-express": "1.7.11",
        "graphql-playground-middleware-lambda": "1.7.12",
        "graphql-subscriptions": "^0.5.8",
        "graphql-tools": "^4.0.0",
        "subscriptions-transport-ws": "^0.9.8"
      }
    },
    "http-errors": {
      "version": "1.7.1",
      "resolved": "https://registry.npmjs.org/http-errors/-/http-errors-1.7.1.tgz",
      "integrity": "sha512-jWEUgtZWGSMba9I1N3gc1HmvpBUaNC9vDdA46yScAdp+C5rdEuKWUBLWTQpW9FwSWSbYYs++b6SDCxf9UEJzfw==",
      "requires": {
        "depd": "~1.1.2",
        "inherits": "2.0.3",
        "setprototypeof": "1.1.0",
        "statuses": ">= 1.5.0 < 2",
        "toidentifier": "1.0.0"
      }
    },
    "iconv-lite": {
      "version": "0.4.23",
      "resolved": "https://registry.npmjs.org/iconv-lite/-/iconv-lite-0.4.23.tgz",
      "integrity": "sha512-neyTUVFtahjf0mB3dZT77u+8O0QB89jFdnBkd5P1JgYPbPaia3gXXOVL2fq8VyU2gMMD7SaN7QukTB/pmXYvDA==",
      "requires": {
        "safer-buffer": ">= 2.1.2 < 3"
      }
    },
    "ieee754": {
      "version": "1.1.8",
      "resolved": "https://registry.npmjs.org/ieee754/-/ieee754-1.1.8.tgz",
      "integrity": "sha1-vjPUCsEO8ZJnAfbwii2G+/0a0+Q="
    },
    "inflight": {
      "version": "1.0.6",
      "resolved": "https://registry.npmjs.org/inflight/-/inflight-1.0.6.tgz",
      "integrity": "sha1-Sb1jMdfQLQwJvJEKEHW6gWW1bfk=",
      "requires": {
        "once": "^1.3.0",
        "wrappy": "1"
      }
    },
    "inherits": {
      "version": "2.0.3",
      "resolved": "https://registry.npmjs.org/inherits/-/inherits-2.0.3.tgz",
      "integrity": "sha1-Yzwsg+PaQqUC9SRmAiSA9CCCYd4="
    },
    "ipaddr.js": {
      "version": "1.8.0",
      "resolved": "https://registry.npmjs.org/ipaddr.js/-/ipaddr.js-1.8.0.tgz",
      "integrity": "sha1-6qM9bd16zo9/b+DJygRA5wZzix4="
    },
    "isarray": {
      "version": "0.0.1",
      "resolved": "https://registry.npmjs.org/isarray/-/isarray-0.0.1.tgz",
      "integrity": "sha1-ihis/Kmo9Bd+Cav8YDiTmwXR7t8="
    },
    "iterall": {
      "version": "1.2.2",
      "resolved": "https://registry.npmjs.org/iterall/-/iterall-1.2.2.tgz",
      "integrity": "sha512-yynBb1g+RFUPY64fTrFv7nsjRrENBQJaX2UL+2Szc9REFrSNm1rpSXHGzhmAy7a9uv3vlvgBlXnf9RqmPH1/DA=="
    },
    "jmespath": {
      "version": "0.15.0",
      "resolved": "https://registry.npmjs.org/jmespath/-/jmespath-0.15.0.tgz",
      "integrity": "sha1-o/Iiqarp+Wb10nx5ZRDigJF2Qhc="
    },
    "lodash": {
      "version": "4.17.11",
      "resolved": "https://registry.npmjs.org/lodash/-/lodash-4.17.11.tgz",
      "integrity": "sha512-cQKh8igo5QUhZ7lg38DYWAxMvjSAKG0A8wGSVimP07SIUEK2UO+arSRKbRZWtelMtN5V0Hkwh5ryOto/SshYIg=="
    },
    "lodash.get": {
      "version": "4.4.2",
      "resolved": "https://registry.npmjs.org/lodash.get/-/lodash.get-4.4.2.tgz",
      "integrity": "sha1-LRd/ZS+jHpObRDjVNBSZ36OCXpk="
    },
    "make-error": {
      "version": "1.3.5",
      "resolved": "https://registry.npmjs.org/make-error/-/make-error-1.3.5.tgz",
      "integrity": "sha512-c3sIjNUow0+8swNwVpqoH4YCShKNFkMaw6oH1mNS2haDZQqkeZFlHS3dhoeEbKKmJB4vXpJucU6oH75aDYeE9g==",
      "dev": true
    },
    "media-typer": {
      "version": "0.3.0",
      "resolved": "https://registry.npmjs.org/media-typer/-/media-typer-0.3.0.tgz",
      "integrity": "sha1-hxDXrwqmJvj/+hzgAWhUUmMlV0g="
    },
    "merge-descriptors": {
      "version": "1.0.1",
      "resolved": "https://registry.npmjs.org/merge-descriptors/-/merge-descriptors-1.0.1.tgz",
      "integrity": "sha1-sAqqVW3YtEVoFQ7J0blT8/kMu2E="
    },
    "methods": {
      "version": "1.1.2",
      "resolved": "https://registry.npmjs.org/methods/-/methods-1.1.2.tgz",
      "integrity": "sha1-VSmk1nZUE07cxSZmVoNbD4Ua/O4="
    },
    "mime": {
      "version": "1.4.1",
      "resolved": "https://registry.npmjs.org/mime/-/mime-1.4.1.tgz",
      "integrity": "sha512-KI1+qOZu5DcW6wayYHSzR/tXKCDC5Om4s1z2QJjDULzLcmf3DvzS7oluY4HCTrc+9FiKmWUgeNLg7W3uIQvxtQ=="
    },
    "mime-db": {
      "version": "1.38.0",
      "resolved": "https://registry.npmjs.org/mime-db/-/mime-db-1.38.0.tgz",
      "integrity": "sha512-bqVioMFFzc2awcdJZIzR3HjZFX20QhilVS7hytkKrv7xFAn8bM1gzc/FOX2awLISvWe0PV8ptFKcon+wZ5qYkg=="
    },
    "mime-types": {
      "version": "2.1.22",
      "resolved": "https://registry.npmjs.org/mime-types/-/mime-types-2.1.22.tgz",
      "integrity": "sha512-aGl6TZGnhm/li6F7yx82bJiBZwgiEa4Hf6CNr8YO+r5UHr53tSTYZb102zyU50DOWWKeOv0uQLRL0/9EiKWCog==",
      "requires": {
        "mime-db": "~1.38.0"
      }
    },
    "minimatch": {
      "version": "3.0.4",
      "resolved": "https://registry.npmjs.org/minimatch/-/minimatch-3.0.4.tgz",
      "integrity": "sha512-yJHVQEhyqPLUTgt9B83PXu6W3rx4MvvHvSUvToogpwoGDOUQ+yDrR0HRot+yOCdCO7u4hX3pWft6kWBBcqh0UA==",
      "requires": {
        "brace-expansion": "^1.1.7"
      }
    },
    "ms": {
      "version": "2.0.0",
      "resolved": "https://registry.npmjs.org/ms/-/ms-2.0.0.tgz",
      "integrity": "sha1-VgiurfwAvmwpAd9fmGF4jeDVl8g="
    },
    "negotiator": {
      "version": "0.6.1",
      "resolved": "https://registry.npmjs.org/negotiator/-/negotiator-0.6.1.tgz",
      "integrity": "sha1-KzJxhOiZIQEXeyhWP7XnECrNDKk="
    },
    "object-assign": {
      "version": "4.1.1",
      "resolved": "https://registry.npmjs.org/object-assign/-/object-assign-4.1.1.tgz",
      "integrity": "sha1-IQmtx5ZYh8/AXLvUQsrIv7s2CGM="
    },
    "object-path": {
      "version": "0.11.4",
      "resolved": "https://registry.npmjs.org/object-path/-/object-path-0.11.4.tgz",
      "integrity": "sha1-NwrnUvvzfePqcKhhwju6iRVpGUk="
    },
    "on-finished": {
      "version": "2.3.0",
      "resolved": "https://registry.npmjs.org/on-finished/-/on-finished-2.3.0.tgz",
      "integrity": "sha1-IPEzZIGwg811M3mSoWlxqi2QaUc=",
      "requires": {
        "ee-first": "1.1.1"
      }
    },
    "once": {
      "version": "1.4.0",
      "resolved": "https://registry.npmjs.org/once/-/once-1.4.0.tgz",
      "integrity": "sha1-WDsap3WWHUsROsF9nFC6753Xa9E=",
      "requires": {
        "wrappy": "1"
      }
    },
    "parseurl": {
      "version": "1.3.2",
      "resolved": "https://registry.npmjs.org/parseurl/-/parseurl-1.3.2.tgz",
      "integrity": "sha1-/CidTtiZMRlGDBViUyYs3I3mW/M="
    },
    "path-is-absolute": {
      "version": "1.0.1",
      "resolved": "https://registry.npmjs.org/path-is-absolute/-/path-is-absolute-1.0.1.tgz",
      "integrity": "sha1-F0uSaHNVNP+8es5r9TpanhtcX18="
    },
    "path-to-regexp": {
      "version": "0.1.7",
      "resolved": "https://registry.npmjs.org/path-to-regexp/-/path-to-regexp-0.1.7.tgz",
      "integrity": "sha1-32BBeABfUi8V60SQ5yR6G/qmf4w="
    },
    "proxy-addr": {
      "version": "2.0.4",
      "resolved": "https://registry.npmjs.org/proxy-addr/-/proxy-addr-2.0.4.tgz",
      "integrity": "sha512-5erio2h9jp5CHGwcybmxmVqHmnCBZeewlfJ0pex+UW7Qny7OOZXTtH56TGNyBizkgiOwhJtMKrVzDTeKcySZwA==",
      "requires": {
        "forwarded": "~0.1.2",
        "ipaddr.js": "1.8.0"
      }
    },
    "punycode": {
      "version": "1.3.2",
      "resolved": "https://registry.npmjs.org/punycode/-/punycode-1.3.2.tgz",
      "integrity": "sha1-llOgNvt8HuQjQvIyXM7v6jkmxI0="
    },
    "qs": {
      "version": "6.5.2",
      "resolved": "https://registry.npmjs.org/qs/-/qs-6.5.2.tgz",
      "integrity": "sha512-N5ZAX4/LxJmF+7wN74pUD6qAh9/wnvdQcjq9TZjevvXzSUo7bfmw91saqMjzGS2xq91/odN2dW/WOl7qQHNDGA=="
    },
    "querystring": {
      "version": "0.2.0",
      "resolved": "https://registry.npmjs.org/querystring/-/querystring-0.2.0.tgz",
      "integrity": "sha1-sgmEkgO7Jd+CDadW50cAWHhSFiA="
    },
    "range-parser": {
      "version": "1.2.0",
      "resolved": "https://registry.npmjs.org/range-parser/-/range-parser-1.2.0.tgz",
      "integrity": "sha1-9JvmtIeJTdxA3MlKMi9hEJLgDV4="
    },
    "raw-body": {
      "version": "2.3.3",
      "resolved": "https://registry.npmjs.org/raw-body/-/raw-body-2.3.3.tgz",
      "integrity": "sha512-9esiElv1BrZoI3rCDuOuKCBRbuApGGaDPQfjSflGxdy4oyzqghxu6klEkkVIvBje+FF0BX9coEv8KqW6X/7njw==",
      "requires": {
        "bytes": "3.0.0",
        "http-errors": "1.6.3",
        "iconv-lite": "0.4.23",
        "unpipe": "1.0.0"
      },
      "dependencies": {
        "http-errors": {
          "version": "1.6.3",
          "resolved": "https://registry.npmjs.org/http-errors/-/http-errors-1.6.3.tgz",
          "integrity": "sha1-i1VoC7S+KDoLW/TqLjhYC+HZMg0=",
          "requires": {
            "depd": "~1.1.2",
            "inherits": "2.0.3",
            "setprototypeof": "1.1.0",
            "statuses": ">= 1.4.0 < 2"
          }
        }
      }
    },
    "readable-stream": {
      "version": "1.1.14",
      "resolved": "https://registry.npmjs.org/readable-stream/-/readable-stream-1.1.14.tgz",
      "integrity": "sha1-fPTFTvZI44EwhMY23SB54WbAgdk=",
      "requires": {
        "core-util-is": "~1.0.0",
        "inherits": "~2.0.1",
        "isarray": "0.0.1",
        "string_decoder": "~0.10.x"
      }
    },
    "reflect-metadata": {
      "version": "0.1.13",
      "resolved": "https://registry.npmjs.org/reflect-metadata/-/reflect-metadata-0.1.13.tgz",
      "integrity": "sha512-Ts1Y/anZELhSsjMcU605fU9RE4Oi3p5ORujwbIKXfWa+0Zxs510Qrmrce5/Jowq3cHSZSJqBjypxmHarc+vEWg=="
    },
    "resolve-from": {
      "version": "4.0.0",
      "resolved": "https://registry.npmjs.org/resolve-from/-/resolve-from-4.0.0.tgz",
      "integrity": "sha512-pb/MYmXstAkysRFx8piNI1tGFNQIFA3vkE3Gq4EuA1dF6gHp/+vgZqsCGJapvy8N3Q+4o7FwvquPJcnZ7RYy4g=="
    },
    "safe-buffer": {
      "version": "5.1.2",
      "resolved": "https://registry.npmjs.org/safe-buffer/-/safe-buffer-5.1.2.tgz",
      "integrity": "sha512-Gd2UZBJDkXlY7GbJxfsE8/nvKkUEU1G38c1siN6QP6a9PT9MmHB8GnpscSmMJSoF8LOIrt8ud/wPtojys4G6+g=="
    },
    "safer-buffer": {
      "version": "2.1.2",
      "resolved": "https://registry.npmjs.org/safer-buffer/-/safer-buffer-2.1.2.tgz",
      "integrity": "sha512-YZo3K82SD7Riyi0E1EQPojLz7kpepnSQI9IyPbHHg1XXXevb5dJI7tpyN2ADxGcQbHG7vcyRHk0cbwqcQriUtg=="
    },
    "sax": {
      "version": "1.2.1",
      "resolved": "https://registry.npmjs.org/sax/-/sax-1.2.1.tgz",
      "integrity": "sha1-e45lYZCyKOgaZq6nSEgNgozS03o="
    },
    "send": {
      "version": "0.16.2",
      "resolved": "https://registry.npmjs.org/send/-/send-0.16.2.tgz",
      "integrity": "sha512-E64YFPUssFHEFBvpbbjr44NCLtI1AohxQ8ZSiJjQLskAdKuriYEP6VyGEsRDH8ScozGpkaX1BGvhanqCwkcEZw==",
      "requires": {
        "debug": "2.6.9",
        "depd": "~1.1.2",
        "destroy": "~1.0.4",
        "encodeurl": "~1.0.2",
        "escape-html": "~1.0.3",
        "etag": "~1.8.1",
        "fresh": "0.5.2",
        "http-errors": "~1.6.2",
        "mime": "1.4.1",
        "ms": "2.0.0",
        "on-finished": "~2.3.0",
        "range-parser": "~1.2.0",
        "statuses": "~1.4.0"
      },
      "dependencies": {
        "http-errors": {
          "version": "1.6.3",
          "resolved": "https://registry.npmjs.org/http-errors/-/http-errors-1.6.3.tgz",
          "integrity": "sha1-i1VoC7S+KDoLW/TqLjhYC+HZMg0=",
          "requires": {
            "depd": "~1.1.2",
            "inherits": "2.0.3",
            "setprototypeof": "1.1.0",
            "statuses": ">= 1.4.0 < 2"
          }
        },
        "statuses": {
          "version": "1.4.0",
          "resolved": "https://registry.npmjs.org/statuses/-/statuses-1.4.0.tgz",
          "integrity": "sha512-zhSCtt8v2NDrRlPQpCNtw/heZLtfUDqxBM1udqikb/Hbk52LK4nQSwr10u77iopCW5LsyHpuXS0GnEc48mLeew=="
        }
      }
    },
    "serve-static": {
      "version": "1.13.2",
      "resolved": "https://registry.npmjs.org/serve-static/-/serve-static-1.13.2.tgz",
      "integrity": "sha512-p/tdJrO4U387R9oMjb1oj7qSMaMfmOyd4j9hOFoxZe2baQszgHcSWjuya/CiT5kgZZKRudHNOA0pYXOl8rQ5nw==",
      "requires": {
        "encodeurl": "~1.0.2",
        "escape-html": "~1.0.3",
        "parseurl": "~1.3.2",
        "send": "0.16.2"
      }
    },
    "setprototypeof": {
      "version": "1.1.0",
      "resolved": "https://registry.npmjs.org/setprototypeof/-/setprototypeof-1.1.0.tgz",
      "integrity": "sha512-BvE/TwpZX4FXExxOxZyRGQQv651MSwmWKZGqvmPcRIjDqWub67kTKuIMx43cZZrS/cBBzwBcNDWoFxt2XEFIpQ=="
    },
    "source-map": {
      "version": "0.6.1",
      "resolved": "https://registry.npmjs.org/source-map/-/source-map-0.6.1.tgz",
      "integrity": "sha512-UjgapumWlbMhkBgzT7Ykc5YXUT46F0iKu8SGXq0bcwP5dz/h0Plj6enJqjz1Zbq2l5WaqYnrVbwWOWMyF3F47g=="
    },
    "source-map-support": {
      "version": "0.5.10",
      "resolved": "https://registry.npmjs.org/source-map-support/-/source-map-support-0.5.10.tgz",
      "integrity": "sha512-YfQ3tQFTK/yzlGJuX8pTwa4tifQj4QS2Mj7UegOu8jAz59MqIiMGPXxQhVQiIMNzayuUSF/jEuVnfFF5JqybmQ==",
      "requires": {
        "buffer-from": "^1.0.0",
        "source-map": "^0.6.0"
      }
    },
    "statuses": {
      "version": "1.5.0",
      "resolved": "https://registry.npmjs.org/statuses/-/statuses-1.5.0.tgz",
      "integrity": "sha1-Fhx9rBd2Wf2YEfQ3cfqZOBR4Yow="
    },
    "streamsearch": {
      "version": "0.1.2",
      "resolved": "https://registry.npmjs.org/streamsearch/-/streamsearch-0.1.2.tgz",
      "integrity": "sha1-gIudDlb8Jz2Am6VzOOkpkZoanxo="
    },
    "string_decoder": {
      "version": "0.10.31",
      "resolved": "https://registry.npmjs.org/string_decoder/-/string_decoder-0.10.31.tgz",
      "integrity": "sha1-YuIDvEF2bGwoyfyEMB2rHFMQ+pQ="
    },
    "subscriptions-transport-ws": {
      "version": "0.9.15",
      "resolved": "https://registry.npmjs.org/subscriptions-transport-ws/-/subscriptions-transport-ws-0.9.15.tgz",
      "integrity": "sha512-f9eBfWdHsePQV67QIX+VRhf++dn1adyC/PZHP6XI5AfKnZ4n0FW+v5omxwdHVpd4xq2ZijaHEcmlQrhBY79ZWQ==",
      "requires": {
        "backo2": "^1.0.2",
        "eventemitter3": "^3.1.0",
        "iterall": "^1.2.1",
        "symbol-observable": "^1.0.4",
        "ws": "^5.2.0"
      }
    },
    "symbol-observable": {
      "version": "1.2.0",
      "resolved": "https://registry.npmjs.org/symbol-observable/-/symbol-observable-1.2.0.tgz",
      "integrity": "sha512-e900nM8RRtGhlV36KGEU9k65K3mPb1WV70OdjfxlG2EAuM1noi/E/BaW/uMhL7bPEssK8QV57vN3esixjUvcXQ=="
    },
    "toidentifier": {
      "version": "1.0.0",
      "resolved": "https://registry.npmjs.org/toidentifier/-/toidentifier-1.0.0.tgz",
      "integrity": "sha512-yaOH/Pk/VEhBWWTlhI+qXxDFXlejDGcQipMlyxda9nthulaxLZUNcUqFxokp0vcYnvteJln5FNQDRrxj3YcbVw=="
    },
    "ts-node": {
      "version": "8.0.2",
      "resolved": "https://registry.npmjs.org/ts-node/-/ts-node-8.0.2.tgz",
      "integrity": "sha512-MosTrinKmaAcWgO8tqMjMJB22h+sp3Rd1i4fdoWY4mhBDekOwIAKI/bzmRi7IcbCmjquccYg2gcF6NBkLgr0Tw==",
      "dev": true,
      "requires": {
        "arg": "^4.1.0",
        "diff": "^3.1.0",
        "make-error": "^1.1.1",
        "source-map-support": "^0.5.6",
        "yn": "^3.0.0"
      }
    },
    "tslib": {
      "version": "1.9.3",
      "resolved": "https://registry.npmjs.org/tslib/-/tslib-1.9.3.tgz",
      "integrity": "sha512-4krF8scpejhaOgqzBEcGM7yDIEfi0/8+8zDRZhNZZ2kjmHJ4hv3zCbQWxoJGz1iw5U0Jl0nma13xzHXcncMavQ=="
    },
    "type-graphql": {
      "version": "0.16.0",
      "resolved": "https://registry.npmjs.org/type-graphql/-/type-graphql-0.16.0.tgz",
      "integrity": "sha512-rR8cgRB9GuJfv0IFKHQKgfFan8aSlPFtJjMWkdmMY9fmeoJY6IGWm18bev1C1dO4jT9kKXi6Yeese636vakTng==",
      "requires": {
        "@types/glob": "^7.1.1",
        "@types/graphql": "^14.0.2",
        "@types/node": "*",
        "class-validator": ">=0.9.1",
        "glob": "^7.1.3",
        "graphql": "^14.0.2",
        "graphql-query-complexity": "^0.2.2",
        "graphql-subscriptions": "^1.0.0",
        "tslib": "^1.9.3"
      },
      "dependencies": {
        "graphql-subscriptions": {
          "version": "1.0.0",
          "resolved": "https://registry.npmjs.org/graphql-subscriptions/-/graphql-subscriptions-1.0.0.tgz",
          "integrity": "sha512-+ytmryoHF1LVf58NKEaNPRUzYyXplm120ntxfPcgOBC7TnK7Tv/4VRHeh4FAR9iL+O1bqhZs4nkibxQ+OA5cDQ==",
          "requires": {
            "iterall": "^1.2.1"
          }
        }
      }
    },
    "type-is": {
      "version": "1.6.16",
      "resolved": "https://registry.npmjs.org/type-is/-/type-is-1.6.16.tgz",
      "integrity": "sha512-HRkVv/5qY2G6I8iab9cI7v1bOIdhm94dVjQCPFElW9W+3GeDOSHmy2EBYe4VTApuzolPcmgFTN3ftVJRKR2J9Q==",
      "requires": {
        "media-typer": "0.3.0",
        "mime-types": "~2.1.18"
      }
    },
    "typescript": {
      "version": "3.3.3",
      "resolved": "https://registry.npmjs.org/typescript/-/typescript-3.3.3.tgz",
      "integrity": "sha512-Y21Xqe54TBVp+VDSNbuDYdGw0BpoR/Q6wo/+35M8PAU0vipahnyduJWirxxdxjsAkS7hue53x2zp8gz7F05u0A==",
      "dev": true
    },
    "unpipe": {
      "version": "1.0.0",
      "resolved": "https://registry.npmjs.org/unpipe/-/unpipe-1.0.0.tgz",
      "integrity": "sha1-sr9O6FFKrmFltIF4KdIbLvSZBOw="
    },
    "url": {
      "version": "0.10.3",
      "resolved": "https://registry.npmjs.org/url/-/url-0.10.3.tgz",
      "integrity": "sha1-Ah5NnHcF8hu/N9A861h2dAJ3TGQ=",
      "requires": {
        "punycode": "1.3.2",
        "querystring": "0.2.0"
      }
    },
    "utils-merge": {
      "version": "1.0.1",
      "resolved": "https://registry.npmjs.org/utils-merge/-/utils-merge-1.0.1.tgz",
      "integrity": "sha1-n5VxD1CiZ5R7LMwSR0HBAoQn5xM="
    },
    "uuid": {
      "version": "3.3.2",
      "resolved": "https://registry.npmjs.org/uuid/-/uuid-3.3.2.tgz",
      "integrity": "sha512-yXJmeNaw3DnnKAOKJE51sL/ZaYfWJRl1pK9dr19YFCu0ObS231AB1/LbqTKRAQ5kw8A90rA6fr4riOUpTZvQZA=="
    },
    "validator": {
      "version": "10.4.0",
      "resolved": "https://registry.npmjs.org/validator/-/validator-10.4.0.tgz",
      "integrity": "sha512-Q/wBy3LB1uOyssgNlXSRmaf22NxjvDNZM2MtIQ4jaEOAB61xsh1TQxsq1CgzUMBV1lDrVMogIh8GjG1DYW0zLg=="
    },
    "vary": {
      "version": "1.1.2",
      "resolved": "https://registry.npmjs.org/vary/-/vary-1.1.2.tgz",
      "integrity": "sha1-IpnwLG3tMNSllhsLn3RSShj2NPw="
    },
    "wrappy": {
      "version": "1.0.2",
      "resolved": "https://registry.npmjs.org/wrappy/-/wrappy-1.0.2.tgz",
      "integrity": "sha1-tSQ9jz7BqjXxNkYFvA0QNuMKtp8="
    },
    "ws": {
      "version": "5.2.2",
      "resolved": "https://registry.npmjs.org/ws/-/ws-5.2.2.tgz",
      "integrity": "sha512-jaHFD6PFv6UgoIVda6qZllptQsMlDEJkTQcybzzXDYM1XO9Y8em691FGMPmM46WGyLU4z9KMgQN+qrux/nhlHA==",
      "requires": {
        "async-limiter": "~1.0.0"
      }
    },
    "xml2js": {
      "version": "0.4.19",
      "resolved": "https://registry.npmjs.org/xml2js/-/xml2js-0.4.19.tgz",
      "integrity": "sha512-esZnJZJOiJR9wWKMyuvSE1y6Dq5LCuJanqhxslH2bxM6duahNZ+HMpCLhBQGZkbX6xRf8x1Y2eJlgt2q3qo49Q==",
      "requires": {
        "sax": ">=0.6.0",
        "xmlbuilder": "~9.0.1"
      }
    },
    "xmlbuilder": {
      "version": "9.0.7",
      "resolved": "https://registry.npmjs.org/xmlbuilder/-/xmlbuilder-9.0.7.tgz",
      "integrity": "sha1-Ey7mPS7FVlxVfiD0wi35rKaGsQ0="
    },
    "yn": {
      "version": "3.0.0",
      "resolved": "https://registry.npmjs.org/yn/-/yn-3.0.0.tgz",
      "integrity": "sha512-+Wo/p5VRfxUgBUGy2j/6KX2mj9AYJWOHuhMjMcbBFc3y54o9/4buK1ksBvuiK01C3kby8DH9lSmJdSxw+4G/2Q==",
      "dev": true
    },
    "zen-observable": {
      "version": "0.8.13",
      "resolved": "https://registry.npmjs.org/zen-observable/-/zen-observable-0.8.13.tgz",
      "integrity": "sha512-fa+6aDUVvavYsefZw0zaZ/v3ckEtMgCFi30sn91SEZea4y/6jQp05E3omjkX91zV6RVdn15fqnFZ6RKjRGbp2g=="
    },
    "zen-observable-ts": {
      "version": "0.8.15",
      "resolved": "https://registry.npmjs.org/zen-observable-ts/-/zen-observable-ts-0.8.15.tgz",
      "integrity": "sha512-sXKPWiw6JszNEkRv5dQ+lQCttyjHM2Iks74QU5NP8mMPS/NrzTlHDr780gf/wOBqmHkPO6NCLMlsa+fAQ8VE8w==",
      "requires": {
        "zen-observable": "^0.8.0"
      }
    }
  }
}
